
Microsoft Visual Studio Solution File, Format Version 12.00
# Visual Studio Version 17
VisualStudioVersion = 17.11.35208.52
MinimumVisualStudioVersion = 10.0.40219.1
Project("{FAE04EC0-301F-11D3-BF4B-00C04F79EFBC}") = "EmpleadoPorComision", "EmpleadoPorComision\EmpleadoPorComision.csproj", "{05417BD0-DBC9-447F-BA77-8878759EF41B}"
EndProject
Global
	GlobalSection(SolutionConfigurationPlatforms) = preSolution
		Debug|Any CPU = Debug|Any CPU
		Release|Any CPU = Release|Any CPU
	EndGlobalSection
	GlobalSection(ProjectConfigurationPlatforms) = postSolution
		{05417BD0-DBC9-447F-BA77-8878759EF41B}.Debug|Any CPU.ActiveCfg = Debug|Any CPU
		{05417BD0-DBC9-447F-BA77-8878759EF41B}.Debug|Any CPU.Build.0 = Debug|Any CPU
		{05417BD0-DBC9-447F-BA77-8878759EF41B}.Release|Any CPU.ActiveCfg = Release|Any CPU
		{05417BD0-DBC9-447F-BA77-8878759EF41B}.Release|Any CPU.Build.0 = Release|Any CPU
	EndGlobalSection
	GlobalSection(SolutionProperties) = preSolution
		HideSolutionNode = FALSE
	EndGlobalSection
	GlobalSection(ExtensibilityGlobals) = postSolution
		SolutionGuid = {EE470892-9CCC-4D3C-A7A4-1DB28D35F121}
	EndGlobalSection
EndGlobal
